
Microsoft Visual Studio Solution File, Format Version 12.00
# Visual Studio Version 17
VisualStudioVersion = 17.0.31903.59
MinimumVisualStudioVersion = 10.0.40219.1
Project("{2150E333-8FDC-42A3-9474-1A3956D46DE8}") = "Solution Items", "Solution Items", "{9B6FBBD5-E181-4513-BFB0-CBDA6E715E38}"
	ProjectSection(SolutionItems) = preProject
		.editorconfig = .editorconfig
		.gitignore = .gitignore
		.dockerignore = .dockerignore
		Directory.Build.props = Directory.Build.props
	EndProjectSection
EndProject
Project("{2150E333-8FDC-42A3-9474-1A3956D46DE8}") = "src", "src", "{3FC71606-38B9-449B-ADF0-7BD248C823B2}"
EndProject
Project("{2150E333-8FDC-42A3-9474-1A3956D46DE8}") = "tests", "tests", "{218BB63A-1EC8-4BD1-A69A-1E4F44601E4B}"
EndProject
Project("{FAE04EC0-301F-11D3-BF4B-00C04F79EFBC}") = "Web.Api", "src\Web.Api\Web.Api.csproj", "{4B8E920C-65D0-4CCB-802A-83890B624046}"
EndProject
Project("{FAE04EC0-301F-11D3-BF4B-00C04F79EFBC}") = "Domain", "src\Domain\Domain.csproj", "{7129C441-E13C-4A01-9F16-EACA535C508A}"
EndProject
Global
	GlobalSection(SolutionConfigurationPlatforms) = preSolution
		Debug|Any CPU = Debug|Any CPU
		Release|Any CPU = Release|Any CPU
	EndGlobalSection
	GlobalSection(ProjectConfigurationPlatforms) = postSolution
		{4B8E920C-65D0-4CCB-802A-83890B624046}.Debug|Any CPU.ActiveCfg = Debug|Any CPU
		{4B8E920C-65D0-4CCB-802A-83890B624046}.Debug|Any CPU.Build.0 = Debug|Any CPU
		{4B8E920C-65D0-4CCB-802A-83890B624046}.Release|Any CPU.ActiveCfg = Release|Any CPU
		{4B8E920C-65D0-4CCB-802A-83890B624046}.Release|Any CPU.Build.0 = Release|Any CPU
		{7129C441-E13C-4A01-9F16-EACA535C508A}.Debug|Any CPU.ActiveCfg = Debug|Any CPU
		{7129C441-E13C-4A01-9F16-EACA535C508A}.Debug|Any CPU.Build.0 = Debug|Any CPU
		{7129C441-E13C-4A01-9F16-EACA535C508A}.Release|Any CPU.ActiveCfg = Release|Any CPU
		{7129C441-E13C-4A01-9F16-EACA535C508A}.Release|Any CPU.Build.0 = Release|Any CPU
	EndGlobalSection
	GlobalSection(SolutionProperties) = preSolution
		HideSolutionNode = FALSE
	EndGlobalSection
	GlobalSection(NestedProjects) = preSolution
		{4B8E920C-65D0-4CCB-802A-83890B624046} = {3FC71606-38B9-449B-ADF0-7BD248C823B2}
		{7129C441-E13C-4A01-9F16-EACA535C508A} = {3FC71606-38B9-449B-ADF0-7BD248C823B2}
	EndGlobalSection
EndGlobal
